
Microsoft Visual Studio Solution File, Format Version 12.00
# Visual Studio 2013
VisualStudioVersion = 12.0.31101.0
MinimumVisualStudioVersion = 10.0.40219.1
Project("{FAE04EC0-301F-11D3-BF4B-00C04F79EFBC}") = "XamarinFormsMvvm.Core", "XamarinFormsMvvm.Core\XamarinFormsMvvm.Core.csproj", "{747706F4-ECBF-4D50-8D72-B0DDCC18395C}"
EndProject
Project("{FAE04EC0-301F-11D3-BF4B-00C04F79EFBC}") = "XamarinFormsMvvm.Core.Tests", "XamarinFormsMvvm.Core.Tests\XamarinFormsMvvm.Core.Tests.csproj", "{142FEDCD-D7E0-43C4-A24D-962E1E888392}"
EndProject
Project("{FAE04EC0-301F-11D3-BF4B-00C04F79EFBC}") = "XamarinFormsMvvm.Forms", "XamarinFormsMvvm.Forms\XamarinFormsMvvm.Forms.csproj", "{BF6E204B-ABB3-4883-9F0D-15975880342C}"
EndProject
Project("{FAE04EC0-301F-11D3-BF4B-00C04F79EFBC}") = "XamarinFormsMvvm.Forms.Tests", "XamarinFormsMvvm.Forms.Tests\XamarinFormsMvvm.Forms.Tests.csproj", "{C71DF7B0-3949-4581-B6FA-71814E23A79B}"
EndProject
Project("{FAE04EC0-301F-11D3-BF4B-00C04F79EFBC}") = "XamarinFormsMvvm.iOS", "XamarinFormsMvvm.iOS\XamarinFormsMvvm.iOS.csproj", "{B061316A-F386-4FE2-93B7-555584234FF8}"
EndProject
Project("{FAE04EC0-301F-11D3-BF4B-00C04F79EFBC}") = "XamarinFormsMvvm.Droid", "XamarinFormsMvvm.Droid\XamarinFormsMvvm.Droid.csproj", "{4AF4487D-0C3E-4384-BA68-62CB1680C648}"
EndProject
Global
	GlobalSection(SolutionConfigurationPlatforms) = preSolution
		Ad-Hoc|Any CPU = Ad-Hoc|Any CPU
		Ad-Hoc|iPhone = Ad-Hoc|iPhone
		Ad-Hoc|iPhoneSimulator = Ad-Hoc|iPhoneSimulator
		Ad-Hoc|Mixed Platforms = Ad-Hoc|Mixed Platforms
		AppStore|Any CPU = AppStore|Any CPU
		AppStore|iPhone = AppStore|iPhone
		AppStore|iPhoneSimulator = AppStore|iPhoneSimulator
		AppStore|Mixed Platforms = AppStore|Mixed Platforms
		Debug|Any CPU = Debug|Any CPU
		Debug|iPhone = Debug|iPhone
		Debug|iPhoneSimulator = Debug|iPhoneSimulator
		Debug|Mixed Platforms = Debug|Mixed Platforms
		Release|Any CPU = Release|Any CPU
		Release|iPhone = Release|iPhone
		Release|iPhoneSimulator = Release|iPhoneSimulator
		Release|Mixed Platforms = Release|Mixed Platforms
	EndGlobalSection
	GlobalSection(ProjectConfigurationPlatforms) = postSolution
		{747706F4-ECBF-4D50-8D72-B0DDCC18395C}.Ad-Hoc|Any CPU.ActiveCfg = Release|Any CPU
		{747706F4-ECBF-4D50-8D72-B0DDCC18395C}.Ad-Hoc|Any CPU.Build.0 = Release|Any CPU
		{747706F4-ECBF-4D50-8D72-B0DDCC18395C}.Ad-Hoc|iPhone.ActiveCfg = Release|Any CPU
		{747706F4-ECBF-4D50-8D72-B0DDCC18395C}.Ad-Hoc|iPhoneSimulator.ActiveCfg = Release|Any CPU
		{747706F4-ECBF-4D50-8D72-B0DDCC18395C}.Ad-Hoc|Mixed Platforms.ActiveCfg = Release|Any CPU
		{747706F4-ECBF-4D50-8D72-B0DDCC18395C}.Ad-Hoc|Mixed Platforms.Build.0 = Release|Any CPU
		{747706F4-ECBF-4D50-8D72-B0DDCC18395C}.AppStore|Any CPU.ActiveCfg = Release|Any CPU
		{747706F4-ECBF-4D50-8D72-B0DDCC18395C}.AppStore|Any CPU.Build.0 = Release|Any CPU
		{747706F4-ECBF-4D50-8D72-B0DDCC18395C}.AppStore|iPhone.ActiveCfg = Release|Any CPU
		{747706F4-ECBF-4D50-8D72-B0DDCC18395C}.AppStore|iPhoneSimulator.ActiveCfg = Release|Any CPU
		{747706F4-ECBF-4D50-8D72-B0DDCC18395C}.AppStore|Mixed Platforms.ActiveCfg = Release|Any CPU
		{747706F4-ECBF-4D50-8D72-B0DDCC18395C}.AppStore|Mixed Platforms.Build.0 = Release|Any CPU
		{747706F4-ECBF-4D50-8D72-B0DDCC18395C}.Debug|Any CPU.ActiveCfg = Debug|Any CPU
		{747706F4-ECBF-4D50-8D72-B0DDCC18395C}.Debug|Any CPU.Build.0 = Debug|Any CPU
		{747706F4-ECBF-4D50-8D72-B0DDCC18395C}.Debug|iPhone.ActiveCfg = Debug|Any CPU
		{747706F4-ECBF-4D50-8D72-B0DDCC18395C}.Debug|iPhoneSimulator.ActiveCfg = Debug|Any CPU
		{747706F4-ECBF-4D50-8D72-B0DDCC18395C}.Debug|Mixed Platforms.ActiveCfg = Debug|Any CPU
		{747706F4-ECBF-4D50-8D72-B0DDCC18395C}.Debug|Mixed Platforms.Build.0 = Debug|Any CPU
		{747706F4-ECBF-4D50-8D72-B0DDCC18395C}.Release|Any CPU.ActiveCfg = Release|Any CPU
		{747706F4-ECBF-4D50-8D72-B0DDCC18395C}.Release|Any CPU.Build.0 = Release|Any CPU
		{747706F4-ECBF-4D50-8D72-B0DDCC18395C}.Release|iPhone.ActiveCfg = Release|Any CPU
		{747706F4-ECBF-4D50-8D72-B0DDCC18395C}.Release|iPhoneSimulator.ActiveCfg = Release|Any CPU
		{747706F4-ECBF-4D50-8D72-B0DDCC18395C}.Release|Mixed Platforms.ActiveCfg = Release|Any CPU
		{747706F4-ECBF-4D50-8D72-B0DDCC18395C}.Release|Mixed Platforms.Build.0 = Release|Any CPU
		{142FEDCD-D7E0-43C4-A24D-962E1E888392}.Ad-Hoc|Any CPU.ActiveCfg = Release|Any CPU
		{142FEDCD-D7E0-43C4-A24D-962E1E888392}.Ad-Hoc|Any CPU.Build.0 = Release|Any CPU
		{142FEDCD-D7E0-43C4-A24D-962E1E888392}.Ad-Hoc|iPhone.ActiveCfg = Release|Any CPU
		{142FEDCD-D7E0-43C4-A24D-962E1E888392}.Ad-Hoc|iPhoneSimulator.ActiveCfg = Release|Any CPU
		{142FEDCD-D7E0-43C4-A24D-962E1E888392}.Ad-Hoc|Mixed Platforms.ActiveCfg = Release|Any CPU
		{142FEDCD-D7E0-43C4-A24D-962E1E888392}.Ad-Hoc|Mixed Platforms.Build.0 = Release|Any CPU
		{142FEDCD-D7E0-43C4-A24D-962E1E888392}.AppStore|Any CPU.ActiveCfg = Release|Any CPU
		{142FEDCD-D7E0-43C4-A24D-962E1E888392}.AppStore|Any CPU.Build.0 = Release|Any CPU
		{142FEDCD-D7E0-43C4-A24D-962E1E888392}.AppStore|iPhone.ActiveCfg = Release|Any CPU
		{142FEDCD-D7E0-43C4-A24D-962E1E888392}.AppStore|iPhoneSimulator.ActiveCfg = Release|Any CPU
		{142FEDCD-D7E0-43C4-A24D-962E1E888392}.AppStore|Mixed Platforms.ActiveCfg = Release|Any CPU
		{142FEDCD-D7E0-43C4-A24D-962E1E888392}.AppStore|Mixed Platforms.Build.0 = Release|Any CPU
		{142FEDCD-D7E0-43C4-A24D-962E1E888392}.Debug|Any CPU.ActiveCfg = Debug|Any CPU
		{142FEDCD-D7E0-43C4-A24D-962E1E888392}.Debug|iPhone.ActiveCfg = Debug|Any CPU
		{142FEDCD-D7E0-43C4-A24D-962E1E888392}.Debug|iPhoneSimulator.ActiveCfg = Debug|Any CPU
		{142FEDCD-D7E0-43C4-A24D-962E1E888392}.Debug|Mixed Platforms.ActiveCfg = Debug|Any CPU
		{142FEDCD-D7E0-43C4-A24D-962E1E888392}.Debug|Mixed Platforms.Build.0 = Debug|Any CPU
		{142FEDCD-D7E0-43C4-A24D-962E1E888392}.Release|Any CPU.ActiveCfg = Release|Any CPU
		{142FEDCD-D7E0-43C4-A24D-962E1E888392}.Release|Any CPU.Build.0 = Release|Any CPU
		{142FEDCD-D7E0-43C4-A24D-962E1E888392}.Release|iPhone.ActiveCfg = Release|Any CPU
		{142FEDCD-D7E0-43C4-A24D-962E1E888392}.Release|iPhoneSimulator.ActiveCfg = Release|Any CPU
		{142FEDCD-D7E0-43C4-A24D-962E1E888392}.Release|Mixed Platforms.ActiveCfg = Release|Any CPU
		{142FEDCD-D7E0-43C4-A24D-962E1E888392}.Release|Mixed Platforms.Build.0 = Release|Any CPU
		{BF6E204B-ABB3-4883-9F0D-15975880342C}.Ad-Hoc|Any CPU.ActiveCfg = Release|Any CPU
		{BF6E204B-ABB3-4883-9F0D-15975880342C}.Ad-Hoc|Any CPU.Build.0 = Release|Any CPU
		{BF6E204B-ABB3-4883-9F0D-15975880342C}.Ad-Hoc|iPhone.ActiveCfg = Release|Any CPU
		{BF6E204B-ABB3-4883-9F0D-15975880342C}.Ad-Hoc|iPhoneSimulator.ActiveCfg = Release|Any CPU
		{BF6E204B-ABB3-4883-9F0D-15975880342C}.Ad-Hoc|Mixed Platforms.ActiveCfg = Release|Any CPU
		{BF6E204B-ABB3-4883-9F0D-15975880342C}.Ad-Hoc|Mixed Platforms.Build.0 = Release|Any CPU
		{BF6E204B-ABB3-4883-9F0D-15975880342C}.AppStore|Any CPU.ActiveCfg = Release|Any CPU
		{BF6E204B-ABB3-4883-9F0D-15975880342C}.AppStore|Any CPU.Build.0 = Release|Any CPU
		{BF6E204B-ABB3-4883-9F0D-15975880342C}.AppStore|iPhone.ActiveCfg = Release|Any CPU
		{BF6E204B-ABB3-4883-9F0D-15975880342C}.AppStore|iPhoneSimulator.ActiveCfg = Release|Any CPU
		{BF6E204B-ABB3-4883-9F0D-15975880342C}.AppStore|Mixed Platforms.ActiveCfg = Release|Any CPU
		{BF6E204B-ABB3-4883-9F0D-15975880342C}.AppStore|Mixed Platforms.Build.0 = Release|Any CPU
		{BF6E204B-ABB3-4883-9F0D-15975880342C}.Debug|Any CPU.ActiveCfg = Debug|Any CPU
		{BF6E204B-ABB3-4883-9F0D-15975880342C}.Debug|Any CPU.Build.0 = Debug|Any CPU
		{BF6E204B-ABB3-4883-9F0D-15975880342C}.Debug|iPhone.ActiveCfg = Debug|Any CPU
		{BF6E204B-ABB3-4883-9F0D-15975880342C}.Debug|iPhoneSimulator.ActiveCfg = Debug|Any CPU
		{BF6E204B-ABB3-4883-9F0D-15975880342C}.Debug|Mixed Platforms.ActiveCfg = Debug|Any CPU
		{BF6E204B-ABB3-4883-9F0D-15975880342C}.Debug|Mixed Platforms.Build.0 = Debug|Any CPU
		{BF6E204B-ABB3-4883-9F0D-15975880342C}.Release|Any CPU.ActiveCfg = Release|Any CPU
		{BF6E204B-ABB3-4883-9F0D-15975880342C}.Release|Any CPU.Build.0 = Release|Any CPU
		{BF6E204B-ABB3-4883-9F0D-15975880342C}.Release|iPhone.ActiveCfg = Release|Any CPU
		{BF6E204B-ABB3-4883-9F0D-15975880342C}.Release|iPhoneSimulator.ActiveCfg = Release|Any CPU
		{BF6E204B-ABB3-4883-9F0D-15975880342C}.Release|Mixed Platforms.ActiveCfg = Release|Any CPU
		{BF6E204B-ABB3-4883-9F0D-15975880342C}.Release|Mixed Platforms.Build.0 = Release|Any CPU
		{C71DF7B0-3949-4581-B6FA-71814E23A79B}.Ad-Hoc|Any CPU.ActiveCfg = Release|Any CPU
		{C71DF7B0-3949-4581-B6FA-71814E23A79B}.Ad-Hoc|Any CPU.Build.0 = Release|Any CPU
		{C71DF7B0-3949-4581-B6FA-71814E23A79B}.Ad-Hoc|iPhone.ActiveCfg = Release|Any CPU
		{C71DF7B0-3949-4581-B6FA-71814E23A79B}.Ad-Hoc|iPhoneSimulator.ActiveCfg = Release|Any CPU
		{C71DF7B0-3949-4581-B6FA-71814E23A79B}.Ad-Hoc|Mixed Platforms.ActiveCfg = Release|Any CPU
		{C71DF7B0-3949-4581-B6FA-71814E23A79B}.Ad-Hoc|Mixed Platforms.Build.0 = Release|Any CPU
		{C71DF7B0-3949-4581-B6FA-71814E23A79B}.AppStore|Any CPU.ActiveCfg = Release|Any CPU
		{C71DF7B0-3949-4581-B6FA-71814E23A79B}.AppStore|Any CPU.Build.0 = Release|Any CPU
		{C71DF7B0-3949-4581-B6FA-71814E23A79B}.AppStore|iPhone.ActiveCfg = Release|Any CPU
		{C71DF7B0-3949-4581-B6FA-71814E23A79B}.AppStore|iPhoneSimulator.ActiveCfg = Release|Any CPU
		{C71DF7B0-3949-4581-B6FA-71814E23A79B}.AppStore|Mixed Platforms.ActiveCfg = Release|Any CPU
		{C71DF7B0-3949-4581-B6FA-71814E23A79B}.AppStore|Mixed Platforms.Build.0 = Release|Any CPU
		{C71DF7B0-3949-4581-B6FA-71814E23A79B}.Debug|Any CPU.ActiveCfg = Debug|Any CPU
		{C71DF7B0-3949-4581-B6FA-71814E23A79B}.Debug|iPhone.ActiveCfg = Debug|Any CPU
		{C71DF7B0-3949-4581-B6FA-71814E23A79B}.Debug|iPhoneSimulator.ActiveCfg = Debug|Any CPU
		{C71DF7B0-3949-4581-B6FA-71814E23A79B}.Debug|Mixed Platforms.ActiveCfg = Debug|Any CPU
		{C71DF7B0-3949-4581-B6FA-71814E23A79B}.Debug|Mixed Platforms.Build.0 = Debug|Any CPU
		{C71DF7B0-3949-4581-B6FA-71814E23A79B}.Release|Any CPU.ActiveCfg = Release|Any CPU
		{C71DF7B0-3949-4581-B6FA-71814E23A79B}.Release|Any CPU.Build.0 = Release|Any CPU
		{C71DF7B0-3949-4581-B6FA-71814E23A79B}.Release|iPhone.ActiveCfg = Release|Any CPU
		{C71DF7B0-3949-4581-B6FA-71814E23A79B}.Release|iPhoneSimulator.ActiveCfg = Release|Any CPU
		{C71DF7B0-3949-4581-B6FA-71814E23A79B}.Release|Mixed Platforms.ActiveCfg = Release|Any CPU
		{C71DF7B0-3949-4581-B6FA-71814E23A79B}.Release|Mixed Platforms.Build.0 = Release|Any CPU
		{B061316A-F386-4FE2-93B7-555584234FF8}.Ad-Hoc|Any CPU.ActiveCfg = Ad-Hoc|iPhone
		{B061316A-F386-4FE2-93B7-555584234FF8}.Ad-Hoc|iPhone.ActiveCfg = Ad-Hoc|iPhone
		{B061316A-F386-4FE2-93B7-555584234FF8}.Ad-Hoc|iPhone.Build.0 = Ad-Hoc|iPhone
		{B061316A-F386-4FE2-93B7-555584234FF8}.Ad-Hoc|iPhoneSimulator.ActiveCfg = Ad-Hoc|iPhoneSimulator
		{B061316A-F386-4FE2-93B7-555584234FF8}.Ad-Hoc|iPhoneSimulator.Build.0 = Ad-Hoc|iPhoneSimulator
		{B061316A-F386-4FE2-93B7-555584234FF8}.Ad-Hoc|Mixed Platforms.ActiveCfg = Ad-Hoc|iPhone
		{B061316A-F386-4FE2-93B7-555584234FF8}.Ad-Hoc|Mixed Platforms.Build.0 = Ad-Hoc|iPhone
		{B061316A-F386-4FE2-93B7-555584234FF8}.AppStore|Any CPU.ActiveCfg = AppStore|iPhone
		{B061316A-F386-4FE2-93B7-555584234FF8}.AppStore|iPhone.ActiveCfg = AppStore|iPhone
		{B061316A-F386-4FE2-93B7-555584234FF8}.AppStore|iPhone.Build.0 = AppStore|iPhone
		{B061316A-F386-4FE2-93B7-555584234FF8}.AppStore|iPhoneSimulator.ActiveCfg = AppStore|iPhoneSimulator
		{B061316A-F386-4FE2-93B7-555584234FF8}.AppStore|iPhoneSimulator.Build.0 = AppStore|iPhoneSimulator
		{B061316A-F386-4FE2-93B7-555584234FF8}.AppStore|Mixed Platforms.ActiveCfg = AppStore|iPhone
		{B061316A-F386-4FE2-93B7-555584234FF8}.AppStore|Mixed Platforms.Build.0 = AppStore|iPhone
		{B061316A-F386-4FE2-93B7-555584234FF8}.Debug|Any CPU.ActiveCfg = Debug|iPhone
		{B061316A-F386-4FE2-93B7-555584234FF8}.Debug|iPhone.ActiveCfg = Debug|iPhone
		{B061316A-F386-4FE2-93B7-555584234FF8}.Debug|iPhone.Build.0 = Debug|iPhone
		{B061316A-F386-4FE2-93B7-555584234FF8}.Debug|iPhoneSimulator.ActiveCfg = Debug|iPhoneSimulator
		{B061316A-F386-4FE2-93B7-555584234FF8}.Debug|iPhoneSimulator.Build.0 = Debug|iPhoneSimulator
		{B061316A-F386-4FE2-93B7-555584234FF8}.Debug|Mixed Platforms.ActiveCfg = Debug|iPhone
		{B061316A-F386-4FE2-93B7-555584234FF8}.Debug|Mixed Platforms.Build.0 = Debug|iPhone
		{B061316A-F386-4FE2-93B7-555584234FF8}.Release|Any CPU.ActiveCfg = Release|iPhone
		{B061316A-F386-4FE2-93B7-555584234FF8}.Release|iPhone.ActiveCfg = Release|iPhone
		{B061316A-F386-4FE2-93B7-555584234FF8}.Release|iPhone.Build.0 = Release|iPhone
		{B061316A-F386-4FE2-93B7-555584234FF8}.Release|iPhoneSimulator.ActiveCfg = Release|iPhoneSimulator
		{B061316A-F386-4FE2-93B7-555584234FF8}.Release|iPhoneSimulator.Build.0 = Release|iPhoneSimulator
		{B061316A-F386-4FE2-93B7-555584234FF8}.Release|Mixed Platforms.ActiveCfg = Release|iPhone
		{B061316A-F386-4FE2-93B7-555584234FF8}.Release|Mixed Platforms.Build.0 = Release|iPhone
		{4AF4487D-0C3E-4384-BA68-62CB1680C648}.Ad-Hoc|Any CPU.ActiveCfg = Release|Any CPU
		{4AF4487D-0C3E-4384-BA68-62CB1680C648}.Ad-Hoc|Any CPU.Build.0 = Release|Any CPU
		{4AF4487D-0C3E-4384-BA68-62CB1680C648}.Ad-Hoc|Any CPU.Deploy.0 = Release|Any CPU
		{4AF4487D-0C3E-4384-BA68-62CB1680C648}.Ad-Hoc|iPhone.ActiveCfg = Release|Any CPU
		{4AF4487D-0C3E-4384-BA68-62CB1680C648}.Ad-Hoc|iPhoneSimulator.ActiveCfg = Release|Any CPU
		{4AF4487D-0C3E-4384-BA68-62CB1680C648}.Ad-Hoc|Mixed Platforms.ActiveCfg = Release|Any CPU
		{4AF4487D-0C3E-4384-BA68-62CB1680C648}.Ad-Hoc|Mixed Platforms.Build.0 = Release|Any CPU
		{4AF4487D-0C3E-4384-BA68-62CB1680C648}.Ad-Hoc|Mixed Platforms.Deploy.0 = Release|Any CPU
		{4AF4487D-0C3E-4384-BA68-62CB1680C648}.AppStore|Any CPU.ActiveCfg = Release|Any CPU
		{4AF4487D-0C3E-4384-BA68-62CB1680C648}.AppStore|Any CPU.Build.0 = Release|Any CPU
		{4AF4487D-0C3E-4384-BA68-62CB1680C648}.AppStore|Any CPU.Deploy.0 = Release|Any CPU
		{4AF4487D-0C3E-4384-BA68-62CB1680C648}.AppStore|iPhone.ActiveCfg = Release|Any CPU
		{4AF4487D-0C3E-4384-BA68-62CB1680C648}.AppStore|iPhoneSimulator.ActiveCfg = Release|Any CPU
		{4AF4487D-0C3E-4384-BA68-62CB1680C648}.AppStore|Mixed Platforms.ActiveCfg = Release|Any CPU
		{4AF4487D-0C3E-4384-BA68-62CB1680C648}.AppStore|Mixed Platforms.Build.0 = Release|Any CPU
		{4AF4487D-0C3E-4384-BA68-62CB1680C648}.AppStore|Mixed Platforms.Deploy.0 = Release|Any CPU
		{4AF4487D-0C3E-4384-BA68-62CB1680C648}.Debug|Any CPU.ActiveCfg = Debug|Any CPU
		{4AF4487D-0C3E-4384-BA68-62CB1680C648}.Debug|Any CPU.Build.0 = Debug|Any CPU
		{4AF4487D-0C3E-4384-BA68-62CB1680C648}.Debug|Any CPU.Deploy.0 = Debug|Any CPU
		{4AF4487D-0C3E-4384-BA68-62CB1680C648}.Debug|iPhone.ActiveCfg = Debug|Any CPU
		{4AF4487D-0C3E-4384-BA68-62CB1680C648}.Debug|iPhoneSimulator.ActiveCfg = Debug|Any CPU
		{4AF4487D-0C3E-4384-BA68-62CB1680C648}.Debug|Mixed Platforms.ActiveCfg = Debug|Any CPU
		{4AF4487D-0C3E-4384-BA68-62CB1680C648}.Debug|Mixed Platforms.Build.0 = Debug|Any CPU
		{4AF4487D-0C3E-4384-BA68-62CB1680C648}.Debug|Mixed Platforms.Deploy.0 = Debug|Any CPU
		{4AF4487D-0C3E-4384-BA68-62CB1680C648}.Release|Any CPU.ActiveCfg = Release|Any CPU
		{4AF4487D-0C3E-4384-BA68-62CB1680C648}.Release|Any CPU.Build.0 = Release|Any CPU
		{4AF4487D-0C3E-4384-BA68-62CB1680C648}.Release|Any CPU.Deploy.0 = Release|Any CPU
		{4AF4487D-0C3E-4384-BA68-62CB1680C648}.Release|iPhone.ActiveCfg = Release|Any CPU
		{4AF4487D-0C3E-4384-BA68-62CB1680C648}.Release|iPhoneSimulator.ActiveCfg = Release|Any CPU
		{4AF4487D-0C3E-4384-BA68-62CB1680C648}.Release|Mixed Platforms.ActiveCfg = Release|Any CPU
		{4AF4487D-0C3E-4384-BA68-62CB1680C648}.Release|Mixed Platforms.Build.0 = Release|Any CPU
		{4AF4487D-0C3E-4384-BA68-62CB1680C648}.Release|Mixed Platforms.Deploy.0 = Release|Any CPU
	EndGlobalSection
	GlobalSection(SolutionProperties) = preSolution
		HideSolutionNode = FALSE
	EndGlobalSection
EndGlobal
